
Microsoft Visual Studio Solution File, Format Version 12.00
# Visual Studio Version 16
VisualStudioVersion = 16.0.33801.447
MinimumVisualStudioVersion = 10.0.40219.1
Project("{9A19103F-16F7-4668-BE54-9A1E7A4F7556}") = "Aula_14_09_2023", "Aula_14_09_2023\Aula_14_09_2023.csproj", "{96F37C88-7C41-4C76-9D37-45970B29DD08}"
EndProject
Project("{9A19103F-16F7-4668-BE54-9A1E7A4F7556}") = "Aula_19_09_2023", "Aula_19_09_2023\Aula_19_09_2023.csproj", "{6C2D45F2-936F-4E7A-9945-0163BFB930CD}"
EndProject
Project("{9A19103F-16F7-4668-BE54-9A1E7A4F7556}") = "Aula_26_09_2023", "Aula_26_09_2023\Aula_26_09_2023.csproj", "{4891E986-4729-40F6-B327-E4E016E380E2}"
EndProject
Project("{9A19103F-16F7-4668-BE54-9A1E7A4F7556}") = "Aula_05_10_2023_Ex01", "Aula_05_10_2023_Ex01\Aula_05_10_2023_Ex01.csproj", "{8615970F-42E7-42B4-B0FA-FC3F7481A5C6}"
EndProject
Project("{FAE04EC0-301F-11D3-BF4B-00C04F79EFBC}") = "Aula_05_10_2023_Ex02", "Aula_05_10_2023_Ex02\Aula_05_10_2023_Ex02.csproj", "{911025A9-DA1A-45E5-BAE1-0EEE60D4022D}"
EndProject
Project("{FAE04EC0-301F-11D3-BF4B-00C04F79EFBC}") = "Aula_05_10_2023_Ex03", "Aula_05_10_2023_Ex03\Aula_05_10_2023_Ex03.csproj", "{1B4BABD0-25CE-45CC-A3AB-9E3381589DC9}"
EndProject
Project("{FAE04EC0-301F-11D3-BF4B-00C04F79EFBC}") = "Aula_17_10_2023", "Aula_17_10_2023\Aula_17_10_2023.csproj", "{B9DE26FC-8D1E-4942-BFFA-5362DD5AC96A}"
EndProject
Global
	GlobalSection(SolutionConfigurationPlatforms) = preSolution
		Debug|Any CPU = Debug|Any CPU
		Release|Any CPU = Release|Any CPU
	EndGlobalSection
	GlobalSection(ProjectConfigurationPlatforms) = postSolution
		{96F37C88-7C41-4C76-9D37-45970B29DD08}.Debug|Any CPU.ActiveCfg = Debug|Any CPU
		{96F37C88-7C41-4C76-9D37-45970B29DD08}.Debug|Any CPU.Build.0 = Debug|Any CPU
		{96F37C88-7C41-4C76-9D37-45970B29DD08}.Release|Any CPU.ActiveCfg = Release|Any CPU
		{96F37C88-7C41-4C76-9D37-45970B29DD08}.Release|Any CPU.Build.0 = Release|Any CPU
		{6C2D45F2-936F-4E7A-9945-0163BFB930CD}.Debug|Any CPU.ActiveCfg = Debug|Any CPU
		{6C2D45F2-936F-4E7A-9945-0163BFB930CD}.Debug|Any CPU.Build.0 = Debug|Any CPU
		{6C2D45F2-936F-4E7A-9945-0163BFB930CD}.Release|Any CPU.ActiveCfg = Release|Any CPU
		{6C2D45F2-936F-4E7A-9945-0163BFB930CD}.Release|Any CPU.Build.0 = Release|Any CPU
		{4891E986-4729-40F6-B327-E4E016E380E2}.Debug|Any CPU.ActiveCfg = Debug|Any CPU
		{4891E986-4729-40F6-B327-E4E016E380E2}.Debug|Any CPU.Build.0 = Debug|Any CPU
		{4891E986-4729-40F6-B327-E4E016E380E2}.Release|Any CPU.ActiveCfg = Release|Any CPU
		{4891E986-4729-40F6-B327-E4E016E380E2}.Release|Any CPU.Build.0 = Release|Any CPU
		{8615970F-42E7-42B4-B0FA-FC3F7481A5C6}.Debug|Any CPU.ActiveCfg = Debug|Any CPU
		{8615970F-42E7-42B4-B0FA-FC3F7481A5C6}.Debug|Any CPU.Build.0 = Debug|Any CPU
		{8615970F-42E7-42B4-B0FA-FC3F7481A5C6}.Release|Any CPU.ActiveCfg = Release|Any CPU
		{8615970F-42E7-42B4-B0FA-FC3F7481A5C6}.Release|Any CPU.Build.0 = Release|Any CPU
		{911025A9-DA1A-45E5-BAE1-0EEE60D4022D}.Debug|Any CPU.ActiveCfg = Debug|Any CPU
		{911025A9-DA1A-45E5-BAE1-0EEE60D4022D}.Debug|Any CPU.Build.0 = Debug|Any CPU
		{911025A9-DA1A-45E5-BAE1-0EEE60D4022D}.Release|Any CPU.ActiveCfg = Release|Any CPU
		{911025A9-DA1A-45E5-BAE1-0EEE60D4022D}.Release|Any CPU.Build.0 = Release|Any CPU
		{1B4BABD0-25CE-45CC-A3AB-9E3381589DC9}.Debug|Any CPU.ActiveCfg = Debug|Any CPU
		{1B4BABD0-25CE-45CC-A3AB-9E3381589DC9}.Debug|Any CPU.Build.0 = Debug|Any CPU
		{1B4BABD0-25CE-45CC-A3AB-9E3381589DC9}.Release|Any CPU.ActiveCfg = Release|Any CPU
		{1B4BABD0-25CE-45CC-A3AB-9E3381589DC9}.Release|Any CPU.Build.0 = Release|Any CPU
		{B9DE26FC-8D1E-4942-BFFA-5362DD5AC96A}.Debug|Any CPU.ActiveCfg = Debug|Any CPU
		{B9DE26FC-8D1E-4942-BFFA-5362DD5AC96A}.Debug|Any CPU.Build.0 = Debug|Any CPU
		{B9DE26FC-8D1E-4942-BFFA-5362DD5AC96A}.Release|Any CPU.ActiveCfg = Release|Any CPU
		{B9DE26FC-8D1E-4942-BFFA-5362DD5AC96A}.Release|Any CPU.Build.0 = Release|Any CPU
	EndGlobalSection
	GlobalSection(SolutionProperties) = preSolution
		HideSolutionNode = FALSE
	EndGlobalSection
	GlobalSection(ExtensibilityGlobals) = postSolution
		SolutionGuid = {4DBC1222-C0D6-47F0-A4BC-55C3113617BE}
	EndGlobalSection
EndGlobal
